// !$*UTF8*$!
{
	archiveVersion = 1;
	classes = {
	};
	objectVersion = 56;
	objects = {

/* Begin PBXBuildFile section */
		1894B3582A22F10A008F29FB /* ForeUCastApp.swift in Sources */ = {isa = PBXBuildFile; fileRef = 1894B3572A22F10A008F29FB /* ForeUCastApp.swift */; };
		1894B35A2A22F10A008F29FB /* ContentView.swift in Sources */ = {isa = PBXBuildFile; fileRef = 1894B3592A22F10A008F29FB /* ContentView.swift */; };
		1894B35C2A22F10B008F29FB /* Assets.xcassets in Resources */ = {isa = PBXBuildFile; fileRef = 1894B35B2A22F10B008F29FB /* Assets.xcassets */; };
		1894B35F2A22F10B008F29FB /* Preview Assets.xcassets in Resources */ = {isa = PBXBuildFile; fileRef = 1894B35E2A22F10B008F29FB /* Preview Assets.xcassets */; };
		1894B3692A22F10B008F29FB /* ForeUCastTests.swift in Sources */ = {isa = PBXBuildFile; fileRef = 1894B3682A22F10B008F29FB /* ForeUCastTests.swift */; };
		1894B3732A22F10B008F29FB /* ForeUCastUITests.swift in Sources */ = {isa = PBXBuildFile; fileRef = 1894B3722A22F10B008F29FB /* ForeUCastUITests.swift */; };
		1894B3752A22F10B008F29FB /* ForeUCastUITestsLaunchTests.swift in Sources */ = {isa = PBXBuildFile; fileRef = 1894B3742A22F10B008F29FB /* ForeUCastUITestsLaunchTests.swift */; };
/* End PBXBuildFile section */

/* Begin PBXContainerItemProxy section */
		1894B3652A22F10B008F29FB /* PBXContainerItemProxy */ = {
			isa = PBXContainerItemProxy;
			containerPortal = 1894B34C2A22F10A008F29FB /* Project object */;
			proxyType = 1;
			remoteGlobalIDString = 1894B3532A22F10A008F29FB;
			remoteInfo = ForeUCast;
		};
		1894B36F2A22F10B008F29FB /* PBXContainerItemProxy */ = {
			isa = PBXContainerItemProxy;
			containerPortal = 1894B34C2A22F10A008F29FB /* Project object */;
			proxyType = 1;
			remoteGlobalIDString = 1894B3532A22F10A008F29FB;
			remoteInfo = ForeUCast;
		};
/* End PBXContainerItemProxy section */

/* Begin PBXFileReference section */
		1894B3542A22F10A008F29FB /* ForeUCast.app */ = {isa = PBXFileReference; explicitFileType = wrapper.application; includeInIndex = 0; path = ForeUCast.app; sourceTree = BUILT_PRODUCTS_DIR; };
		1894B3572A22F10A008F29FB /* ForeUCastApp.swift */ = {isa = PBXFileReference; lastKnownFileType = sourcecode.swift; path = ForeUCastApp.swift; sourceTree = "<group>"; };
		1894B3592A22F10A008F29FB /* ContentView.swift */ = {isa = PBXFileReference; lastKnownFileType = sourcecode.swift; path = ContentView.swift; sourceTree = "<group>"; };
		1894B35B2A22F10B008F29FB /* Assets.xcassets */ = {isa = PBXFileReference; lastKnownFileType = folder.assetcatalog; path = Assets.xcassets; sourceTree = "<group>"; };
		1894B35E2A22F10B008F29FB /* Preview Assets.xcassets */ = {isa = PBXFileReference; lastKnownFileType = folder.assetcatalog; path = "Preview Assets.xcassets"; sourceTree = "<group>"; };
		1894B3642A22F10B008F29FB /* ForeUCastTests.xctest */ = {isa = PBXFileReference; explicitFileType = wrapper.cfbundle; includeInIndex = 0; path = ForeUCastTests.xctest; sourceTree = BUILT_PRODUCTS_DIR; };
		1894B3682A22F10B008F29FB /* ForeUCastTests.swift */ = {isa = PBXFileReference; lastKnownFileType = sourcecode.swift; path = ForeUCastTests.swift; sourceTree = "<group>"; };
		1894B36E2A22F10B008F29FB /* ForeUCastUITests.xctest */ = {isa = PBXFileReference; explicitFileType = wrapper.cfbundle; includeInIndex = 0; path = ForeUCastUITests.xctest; sourceTree = BUILT_PRODUCTS_DIR; };
		1894B3722A22F10B008F29FB /* ForeUCastUITests.swift */ = {isa = PBXFileReference; lastKnownFileType = sourcecode.swift; path = ForeUCastUITests.swift; sourceTree = "<group>"; };
		1894B3742A22F10B008F29FB /* ForeUCastUITestsLaunchTests.swift */ = {isa = PBXFileReference; lastKnownFileType = sourcecode.swift; path = ForeUCastUITestsLaunchTests.swift; sourceTree = "<group>"; };
/* End PBXFileReference section */

/* Begin PBXFrameworksBuildPhase section */
		1894B3512A22F10A008F29FB /* Frameworks */ = {
			isa = PBXFrameworksBuildPhase;
			buildActionMask = 2147483647;
			files = (
			);
			runOnlyForDeploymentPostprocessing = 0;
		};
		1894B3612A22F10B008F29FB /* Frameworks */ = {
			isa = PBXFrameworksBuildPhase;
			buildActionMask = 2147483647;
			files = (
			);
			runOnlyForDeploymentPostprocessing = 0;
		};
		1894B36B2A22F10B008F29FB /* Frameworks */ = {
			isa = PBXFrameworksBuildPhase;
			buildActionMask = 2147483647;
			files = (
			);
			runOnlyForDeploymentPostprocessing = 0;
		};
/* End PBXFrameworksBuildPhase section */

/* Begin PBXGroup section */
		1894B34B2A22F10A008F29FB = {
			isa = PBXGroup;
			children = (
				1894B3562A22F10A008F29FB /* ForeUCast */,
				1894B3672A22F10B008F29FB /* ForeUCastTests */,
				1894B3712A22F10B008F29FB /* ForeUCastUITests */,
				1894B3552A22F10A008F29FB /* Products */,
			);
			sourceTree = "<group>";
		};
		1894B3552A22F10A008F29FB /* Products */ = {
			isa = PBXGroup;
			children = (
				1894B3542A22F10A008F29FB /* ForeUCast.app */,
				1894B3642A22F10B008F29FB /* ForeUCastTests.xctest */,
				1894B36E2A22F10B008F29FB /* ForeUCastUITests.xctest */,
			);
			name = Products;
			sourceTree = "<group>";
		};
		1894B3562A22F10A008F29FB /* ForeUCast */ = {
			isa = PBXGroup;
			children = (
				1894B3572A22F10A008F29FB /* ForeUCastApp.swift */,
				1894B3592A22F10A008F29FB /* ContentView.swift */,
				1894B35B2A22F10B008F29FB /* Assets.xcassets */,
				1894B35D2A22F10B008F29FB /* Preview Content */,
			);
			path = ForeUCast;
			sourceTree = "<group>";
		};
		1894B35D2A22F10B008F29FB /* Preview Content */ = {
			isa = PBXGroup;
			children = (
				1894B35E2A22F10B008F29FB /* Preview Assets.xcassets */,
			);
			path = "Preview Content";
			sourceTree = "<group>";
		};
		1894B3672A22F10B008F29FB /* ForeUCastTests */ = {
			isa = PBXGroup;
			children = (
				1894B3682A22F10B008F29FB /* ForeUCastTests.swift */,
			);
			path = ForeUCastTests;
			sourceTree = "<group>";
		};
		1894B3712A22F10B008F29FB /* ForeUCastUITests */ = {
			isa = PBXGroup;
			children = (
				1894B3722A22F10B008F29FB /* ForeUCastUITests.swift */,
				1894B3742A22F10B008F29FB /* ForeUCastUITestsLaunchTests.swift */,
			);
			path = ForeUCastUITests;
			sourceTree = "<group>";
		};
/* End PBXGroup section */

/* Begin PBXNativeTarget section */
		1894B3532A22F10A008F29FB /* ForeUCast */ = {
			isa = PBXNativeTarget;
			buildConfigurationList = 1894B3782A22F10B008F29FB /* Build configuration list for PBXNativeTarget "ForeUCast" */;
			buildPhases = (
				1894B3502A22F10A008F29FB /* Sources */,
				1894B3512A22F10A008F29FB /* Frameworks */,
				1894B3522A22F10A008F29FB /* Resources */,
			);
			buildRules = (
			);
			dependencies = (
			);
			name = ForeUCast;
			productName = ForeUCast;
			productReference = 1894B3542A22F10A008F29FB /* ForeUCast.app */;
			productType = "com.apple.product-type.application";
		};
		1894B3632A22F10B008F29FB /* ForeUCastTests */ = {
			isa = PBXNativeTarget;
			buildConfigurationList = 1894B37B2A22F10B008F29FB /* Build configuration list for PBXNativeTarget "ForeUCastTests" */;
			buildPhases = (
				1894B3602A22F10B008F29FB /* Sources */,
				1894B3612A22F10B008F29FB /* Frameworks */,
				1894B3622A22F10B008F29FB /* Resources */,
			);
			buildRules = (
			);
			dependencies = (
				1894B3662A22F10B008F29FB /* PBXTargetDependency */,
			);
			name = ForeUCastTests;
			productName = ForeUCastTests;
			productReference = 1894B3642A22F10B008F29FB /* ForeUCastTests.xctest */;
			productType = "com.apple.product-type.bundle.unit-test";
		};
		1894B36D2A22F10B008F29FB /* ForeUCastUITests */ = {
			isa = PBXNativeTarget;
			buildConfigurationList = 1894B37E2A22F10B008F29FB /* Build configuration list for PBXNativeTarget "ForeUCastUITests" */;
			buildPhases = (
				1894B36A2A22F10B008F29FB /* Sources */,
				1894B36B2A22F10B008F29FB /* Frameworks */,
				1894B36C2A22F10B008F29FB /* Resources */,
			);
			buildRules = (
			);
			dependencies = (
				1894B3702A22F10B008F29FB /* PBXTargetDependency */,
			);
			name = ForeUCastUITests;
			productName = ForeUCastUITests;
			productReference = 1894B36E2A22F10B008F29FB /* ForeUCastUITests.xctest */;
			productType = "com.apple.product-type.bundle.ui-testing";
		};
/* End PBXNativeTarget section */

/* Begin PBXProject section */
		1894B34C2A22F10A008F29FB /* Project object */ = {
			isa = PBXProject;
			attributes = {
				BuildIndependentTargetsInParallel = 1;
				LastSwiftUpdateCheck = 1420;
				LastUpgradeCheck = 1420;
				TargetAttributes = {
					1894B3532A22F10A008F29FB = {
						CreatedOnToolsVersion = 14.2;
					};
					1894B3632A22F10B008F29FB = {
						CreatedOnToolsVersion = 14.2;
						TestTargetID = 1894B3532A22F10A008F29FB;
					};
					1894B36D2A22F10B008F29FB = {
						CreatedOnToolsVersion = 14.2;
						TestTargetID = 1894B3532A22F10A008F29FB;
					};
				};
			};
			buildConfigurationList = 1894B34F2A22F10A008F29FB /* Build configuration list for PBXProject "ForeUCast" */;
			compatibilityVersion = "Xcode 14.0";
			developmentRegion = en;
			hasScannedForEncodings = 0;
			knownRegions = (
				en,
				Base,
			);
			mainGroup = 1894B34B2A22F10A008F29FB;
			productRefGroup = 1894B3552A22F10A008F29FB /* Products */;
			projectDirPath = "";
			projectRoot = "";
			targets = (
				1894B3532A22F10A008F29FB /* ForeUCast */,
				1894B3632A22F10B008F29FB /* ForeUCastTests */,
				1894B36D2A22F10B008F29FB /* ForeUCastUITests */,
			);
		};
/* End PBXProject section */

/* Begin PBXResourcesBuildPhase section */
		1894B3522A22F10A008F29FB /* Resources */ = {
			isa = PBXResourcesBuildPhase;
			buildActionMask = 2147483647;
			files = (
				1894B35F2A22F10B008F29FB /* Preview Assets.xcassets in Resources */,
				1894B35C2A22F10B008F29FB /* Assets.xcassets in Resources */,
			);
			runOnlyForDeploymentPostprocessing = 0;
		};
		1894B3622A22F10B008F29FB /* Resources */ = {
			isa = PBXResourcesBuildPhase;
			buildActionMask = 2147483647;
			files = (
			);
			runOnlyForDeploymentPostprocessing = 0;
		};
		1894B36C2A22F10B008F29FB /* Resources */ = {
			isa = PBXResourcesBuildPhase;
			buildActionMask = 2147483647;
			files = (
			);
			runOnlyForDeploymentPostprocessing = 0;
		};
/* End PBXResourcesBuildPhase section */

/* Begin PBXSourcesBuildPhase section */
		1894B3502A22F10A008F29FB /* Sources */ = {
			isa = PBXSourcesBuildPhase;
			buildActionMask = 2147483647;
			files = (
				1894B35A2A22F10A008F29FB /* ContentView.swift in Sources */,
				1894B3582A22F10A008F29FB /* ForeUCastApp.swift in Sources */,
			);
			runOnlyForDeploymentPostprocessing = 0;
		};
		1894B3602A22F10B008F29FB /* Sources */ = {
			isa = PBXSourcesBuildPhase;
			buildActionMask = 2147483647;
			files = (
				1894B3692A22F10B008F29FB /* ForeUCastTests.swift in Sources */,
			);
			runOnlyForDeploymentPostprocessing = 0;
		};
		1894B36A2A22F10B008F29FB /* Sources */ = {
			isa = PBXSourcesBuildPhase;
			buildActionMask = 2147483647;
			files = (
				1894B3732A22F10B008F29FB /* ForeUCastUITests.swift in Sources */,
				1894B3752A22F10B008F29FB /* ForeUCastUITestsLaunchTests.swift in Sources */,
			);
			runOnlyForDeploymentPostprocessing = 0;
		};
/* End PBXSourcesBuildPhase section */

/* Begin PBXTargetDependency section */
		1894B3662A22F10B008F29FB /* PBXTargetDependency */ = {
			isa = PBXTargetDependency;
			target = 1894B3532A22F10A008F29FB /* ForeUCast */;
			targetProxy = 1894B3652A22F10B008F29FB /* PBXContainerItemProxy */;
		};
		1894B3702A22F10B008F29FB /* PBXTargetDependency */ = {
			isa = PBXTargetDependency;
			target = 1894B3532A22F10A008F29FB /* ForeUCast */;
			targetProxy = 1894B36F2A22F10B008F29FB /* PBXContainerItemProxy */;
		};
/* End PBXTargetDependency section */

/* Begin XCBuildConfiguration section */
		1894B3762A22F10B008F29FB /* Debug */ = {
			isa = XCBuildConfiguration;
			buildSettings = {
				ALWAYS_SEARCH_USER_PATHS = NO;
				CLANG_ANALYZER_NONNULL = YES;
				CLANG_ANALYZER_NUMBER_OBJECT_CONVERSION = YES_AGGRESSIVE;
				CLANG_CXX_LANGUAGE_STANDARD = "gnu++20";
				CLANG_ENABLE_MODULES = YES;
				CLANG_ENABLE_OBJC_ARC = YES;
				CLANG_ENABLE_OBJC_WEAK = YES;
				CLANG_WARN_BLOCK_CAPTURE_AUTORELEASING = YES;
				CLANG_WARN_BOOL_CONVERSION = YES;
				CLANG_WARN_COMMA = YES;
				CLANG_WARN_CONSTANT_CONVERSION = YES;
				CLANG_WARN_DEPRECATED_OBJC_IMPLEMENTATIONS = YES;
				CLANG_WARN_DIRECT_OBJC_ISA_USAGE = YES_ERROR;
				CLANG_WARN_DOCUMENTATION_COMMENTS = YES;
				CLANG_WARN_EMPTY_BODY = YES;
				CLANG_WARN_ENUM_CONVERSION = YES;
				CLANG_WARN_INFINITE_RECURSION = YES;
				CLANG_WARN_INT_CONVERSION = YES;
				CLANG_WARN_NON_LITERAL_NULL_CONVERSION = YES;
				CLANG_WARN_OBJC_IMPLICIT_RETAIN_SELF = YES;
				CLANG_WARN_OBJC_LITERAL_CONVERSION = YES;
				CLANG_WARN_OBJC_ROOT_CLASS = YES_ERROR;
				CLANG_WARN_QUOTED_INCLUDE_IN_FRAMEWORK_HEADER = YES;
				CLANG_WARN_RANGE_LOOP_ANALYSIS = YES;
				CLANG_WARN_STRICT_PROTOTYPES = YES;
				CLANG_WARN_SUSPICIOUS_MOVE = YES;
				CLANG_WARN_UNGUARDED_AVAILABILITY = YES_AGGRESSIVE;
				CLANG_WARN_UNREACHABLE_CODE = YES;
				CLANG_WARN__DUPLICATE_METHOD_MATCH = YES;
				COPY_PHASE_STRIP = NO;
				DEBUG_INFORMATION_FORMAT = dwarf;
				ENABLE_STRICT_OBJC_MSGSEND = YES;
				ENABLE_TESTABILITY = YES;
				GCC_C_LANGUAGE_STANDARD = gnu11;
				GCC_DYNAMIC_NO_PIC = NO;
				GCC_NO_COMMON_BLOCKS = YES;
				GCC_OPTIMIZATION_LEVEL = 0;
				GCC_PREPROCESSOR_DEFINITIONS = (
					"DEBUG=1",
					"$(inherited)",
				);
				GCC_WARN_64_TO_32_BIT_CONVERSION = YES;
				GCC_WARN_ABOUT_RETURN_TYPE = YES_ERROR;
				GCC_WARN_UNDECLARED_SELECTOR = YES;
				GCC_WARN_UNINITIALIZED_AUTOS = YES_AGGRESSIVE;
				GCC_WARN_UNUSED_FUNCTION = YES;
				GCC_WARN_UNUSED_VARIABLE = YES;
				IPHONEOS_DEPLOYMENT_TARGET = 16.2;
				MTL_ENABLE_DEBUG_INFO = INCLUDE_SOURCE;
				MTL_FAST_MATH = YES;
				ONLY_ACTIVE_ARCH = YES;
				SDKROOT = iphoneos;
				SWIFT_ACTIVE_COMPILATION_CONDITIONS = DEBUG;
				SWIFT_OPTIMIZATION_LEVEL = "-Onone";
			};
			name = Debug;
		};
		1894B3772A22F10B008F29FB /* Release */ = {
			isa = XCBuildConfiguration;
			buildSettings = {
				ALWAYS_SEARCH_USER_PATHS = NO;
				CLANG_ANALYZER_NONNULL = YES;
				CLANG_ANALYZER_NUMBER_OBJECT_CONVERSION = YES_AGGRESSIVE;
				CLANG_CXX_LANGUAGE_STANDARD = "gnu++20";
				CLANG_ENABLE_MODULES = YES;
				CLANG_ENABLE_OBJC_ARC = YES;
				CLANG_ENABLE_OBJC_WEAK = YES;
				CLANG_WARN_BLOCK_CAPTURE_AUTORELEASING = YES;
				CLANG_WARN_BOOL_CONVERSION = YES;
				CLANG_WARN_COMMA = YES;
				CLANG_WARN_CONSTANT_CONVERSION = YES;
				CLANG_WARN_DEPRECATED_OBJC_IMPLEMENTATIONS = YES;
				CLANG_WARN_DIRECT_OBJC_ISA_USAGE = YES_ERROR;
				CLANG_WARN_DOCUMENTATION_COMMENTS = YES;
				CLANG_WARN_EMPTY_BODY = YES;
				CLANG_WARN_ENUM_CONVERSION = YES;
				CLANG_WARN_INFINITE_RECURSION = YES;
				CLANG_WARN_INT_CONVERSION = YES;
				CLANG_WARN_NON_LITERAL_NULL_CONVERSION = YES;
				CLANG_WARN_OBJC_IMPLICIT_RETAIN_SELF = YES;
				CLANG_WARN_OBJC_LITERAL_CONVERSION = YES;
				CLANG_WARN_OBJC_ROOT_CLASS = YES_ERROR;
				CLANG_WARN_QUOTED_INCLUDE_IN_FRAMEWORK_HEADER = YES;
				CLANG_WARN_RANGE_LOOP_ANALYSIS = YES;
				CLANG_WARN_STRICT_PROTOTYPES = YES;
				CLANG_WARN_SUSPICIOUS_MOVE = YES;
				CLANG_WARN_UNGUARDED_AVAILABILITY = YES_AGGRESSIVE;
				CLANG_WARN_UNREACHABLE_CODE = YES;
				CLANG_WARN__DUPLICATE_METHOD_MATCH = YES;
				COPY_PHASE_STRIP = NO;
				DEBUG_INFORMATION_FORMAT = "dwarf-with-dsym";
				ENABLE_NS_ASSERTIONS = NO;
				ENABLE_STRICT_OBJC_MSGSEND = YES;
				GCC_C_LANGUAGE_STANDARD = gnu11;
				GCC_NO_COMMON_BLOCKS = YES;
				GCC_WARN_64_TO_32_BIT_CONVERSION = YES;
				GCC_WARN_ABOUT_RETURN_TYPE = YES_ERROR;
				GCC_WARN_UNDECLARED_SELECTOR = YES;
				GCC_WARN_UNINITIALIZED_AUTOS = YES_AGGRESSIVE;
				GCC_WARN_UNUSED_FUNCTION = YES;
				GCC_WARN_UNUSED_VARIABLE = YES;
				IPHONEOS_DEPLOYMENT_TARGET = 16.2;
				MTL_ENABLE_DEBUG_INFO = NO;
				MTL_FAST_MATH = YES;
				SDKROOT = iphoneos;
				SWIFT_COMPILATION_MODE = wholemodule;
				SWIFT_OPTIMIZATION_LEVEL = "-O";
				VALIDATE_PRODUCT = YES;
			};
			name = Release;
		};
		1894B3792A22F10B008F29FB /* Debug */ = {
			isa = XCBuildConfiguration;
			buildSettings = {
				ASSETCATALOG_COMPILER_APPICON_NAME = AppIcon;
				ASSETCATALOG_COMPILER_GLOBAL_ACCENT_COLOR_NAME = AccentColor;
				CODE_SIGN_STYLE = Automatic;
				CURRENT_PROJECT_VERSION = 1;
				DEVELOPMENT_ASSET_PATHS = "\"ForeUCast/Preview Content\"";
				DEVELOPMENT_TEAM = VS3C3XE5MT;
				ENABLE_PREVIEWS = YES;
				GENERATE_INFOPLIST_FILE = YES;
				INFOPLIST_KEY_UIApplicationSceneManifest_Generation = YES;
				INFOPLIST_KEY_UIApplicationSupportsIndirectInputEvents = YES;
				INFOPLIST_KEY_UILaunchScreen_Generation = YES;
				INFOPLIST_KEY_UISupportedInterfaceOrientations_iPad = "UIInterfaceOrientationPortrait UIInterfaceOrientationPortraitUpsideDown UIInterfaceOrientationLandscapeLeft UIInterfaceOrientationLandscapeRight";
				INFOPLIST_KEY_UISupportedInterfaceOrientations_iPhone = "UIInterfaceOrientationPortrait UIInterfaceOrientationLandscapeLeft UIInterfaceOrientationLandscapeRight";
				LD_RUNPATH_SEARCH_PATHS = (
					"$(inherited)",
					"@executable_path/Frameworks",
				);
				MARKETING_VERSION = 1.0;
				PRODUCT_BUNDLE_IDENTIFIER = itisvignesh.ForeUCast;
				PRODUCT_NAME = "$(TARGET_NAME)";
				SWIFT_EMIT_LOC_STRINGS = YES;
				SWIFT_VERSION = 5.0;
				TARGETED_DEVICE_FAMILY = "1,2";
			};
			name = Debug;
		};
		1894B37A2A22F10B008F29FB /* Release */ = {
			isa = XCBuildConfiguration;
			buildSettings = {
				ASSETCATALOG_COMPILER_APPICON_NAME = AppIcon;
				ASSETCATALOG_COMPILER_GLOBAL_ACCENT_COLOR_NAME = AccentColor;
				CODE_SIGN_STYLE = Automatic;
				CURRENT_PROJECT_VERSION = 1;
				DEVELOPMENT_ASSET_PATHS = "\"ForeUCast/Preview Content\"";
				DEVELOPMENT_TEAM = VS3C3XE5MT;
				ENABLE_PREVIEWS = YES;
				GENERATE_INFOPLIST_FILE = YES;
				INFOPLIST_KEY_UIApplicationSceneManifest_Generation = YES;
				INFOPLIST_KEY_UIApplicationSupportsIndirectInputEvents = YES;
				INFOPLIST_KEY_UILaunchScreen_Generation = YES;
				INFOPLIST_KEY_UISupportedInterfaceOrientations_iPad = "UIInterfaceOrientationPortrait UIInterfaceOrientationPortraitUpsideDown UIInterfaceOrientationLandscapeLeft UIInterfaceOrientationLandscapeRight";
				INFOPLIST_KEY_UISupportedInterfaceOrientations_iPhone = "UIInterfaceOrientationPortrait UIInterfaceOrientationLandscapeLeft UIInterfaceOrientationLandscapeRight";
				LD_RUNPATH_SEARCH_PATHS = (
					"$(inherited)",
					"@executable_path/Frameworks",
				);
				MARKETING_VERSION = 1.0;
				PRODUCT_BUNDLE_IDENTIFIER = itisvignesh.ForeUCast;
				PRODUCT_NAME = "$(TARGET_NAME)";
				SWIFT_EMIT_LOC_STRINGS = YES;
				SWIFT_VERSION = 5.0;
				TARGETED_DEVICE_FAMILY = "1,2";
			};
			name = Release;
		};
		1894B37C2A22F10B008F29FB /* Debug */ = {
			isa = XCBuildConfiguration;
			buildSettings = {
				ALWAYS_EMBED_SWIFT_STANDARD_LIBRARIES = YES;
				BUNDLE_LOADER = "$(TEST_HOST)";
				CODE_SIGN_STYLE = Automatic;
				CURRENT_PROJECT_VERSION = 1;
				DEVELOPMENT_TEAM = VS3C3XE5MT;
				GENERATE_INFOPLIST_FILE = YES;
				IPHONEOS_DEPLOYMENT_TARGET = 16.2;
				MARKETING_VERSION = 1.0;
				PRODUCT_BUNDLE_IDENTIFIER = itisvignesh.ForeUCastTests;
				PRODUCT_NAME = "$(TARGET_NAME)";
				SWIFT_EMIT_LOC_STRINGS = NO;
				SWIFT_VERSION = 5.0;
				TARGETED_DEVICE_FAMILY = "1,2";
				TEST_HOST = "$(BUILT_PRODUCTS_DIR)/ForeUCast.app/$(BUNDLE_EXECUTABLE_FOLDER_PATH)/ForeUCast";
			};
			name = Debug;
		};
		1894B37D2A22F10B008F29FB /* Release */ = {
			isa = XCBuildConfiguration;
			buildSettings = {
				ALWAYS_EMBED_SWIFT_STANDARD_LIBRARIES = YES;
				BUNDLE_LOADER = "$(TEST_HOST)";
				CODE_SIGN_STYLE = Automatic;
				CURRENT_PROJECT_VERSION = 1;
				DEVELOPMENT_TEAM = VS3C3XE5MT;
				GENERATE_INFOPLIST_FILE = YES;
				IPHONEOS_DEPLOYMENT_TARGET = 16.2;
				MARKETING_VERSION = 1.0;
				PRODUCT_BUNDLE_IDENTIFIER = itisvignesh.ForeUCastTests;
				PRODUCT_NAME = "$(TARGET_NAME)";
				SWIFT_EMIT_LOC_STRINGS = NO;
				SWIFT_VERSION = 5.0;
				TARGETED_DEVICE_FAMILY = "1,2";
				TEST_HOST = "$(BUILT_PRODUCTS_DIR)/ForeUCast.app/$(BUNDLE_EXECUTABLE_FOLDER_PATH)/ForeUCast";
			};
			name = Release;
		};
		1894B37F2A22F10B008F29FB /* Debug */ = {
			isa = XCBuildConfiguration;
			buildSettings = {
				ALWAYS_EMBED_SWIFT_STANDARD_LIBRARIES = YES;
				CODE_SIGN_STYLE = Automatic;
				CURRENT_PROJECT_VERSION = 1;
				DEVELOPMENT_TEAM = VS3C3XE5MT;
				GENERATE_INFOPLIST_FILE = YES;
				MARKETING_VERSION = 1.0;
				PRODUCT_BUNDLE_IDENTIFIER = itisvignesh.ForeUCastUITests;
				PRODUCT_NAME = "$(TARGET_NAME)";
				SWIFT_EMIT_LOC_STRINGS = NO;
				SWIFT_VERSION = 5.0;
				TARGETED_DEVICE_FAMILY = "1,2";
				TEST_TARGET_NAME = ForeUCast;
			};
			name = Debug;
		};
		1894B3802A22F10B008F29FB /* Release */ = {
			isa = XCBuildConfiguration;
			buildSettings = {
				ALWAYS_EMBED_SWIFT_STANDARD_LIBRARIES = YES;
				CODE_SIGN_STYLE = Automatic;
				CURRENT_PROJECT_VERSION = 1;
				DEVELOPMENT_TEAM = VS3C3XE5MT;
				GENERATE_INFOPLIST_FILE = YES;
				MARKETING_VERSION = 1.0;
				PRODUCT_BUNDLE_IDENTIFIER = itisvignesh.ForeUCastUITests;
				PRODUCT_NAME = "$(TARGET_NAME)";
				SWIFT_EMIT_LOC_STRINGS = NO;
				SWIFT_VERSION = 5.0;
				TARGETED_DEVICE_FAMILY = "1,2";
				TEST_TARGET_NAME = ForeUCast;
			};
			name = Release;
		};
/* End XCBuildConfiguration section */

/* Begin XCConfigurationList section */
		1894B34F2A22F10A008F29FB /* Build configuration list for PBXProject "ForeUCast" */ = {
			isa = XCConfigurationList;
			buildConfigurations = (
				1894B3762A22F10B008F29FB /* Debug */,
				1894B3772A22F10B008F29FB /* Release */,
			);
			defaultConfigurationIsVisible = 0;
			defaultConfigurationName = Release;
		};
		1894B3782A22F10B008F29FB /* Build configuration list for PBXNativeTarget "ForeUCast" */ = {
			isa = XCConfigurationList;
			buildConfigurations = (
				1894B3792A22F10B008F29FB /* Debug */,
				1894B37A2A22F10B008F29FB /* Release */,
			);
			defaultConfigurationIsVisible = 0;
			defaultConfigurationName = Release;
		};
		1894B37B2A22F10B008F29FB /* Build configuration list for PBXNativeTarget "ForeUCastTests" */ = {
			isa = XCConfigurationList;
			buildConfigurations = (
				1894B37C2A22F10B008F29FB /* Debug */,
				1894B37D2A22F10B008F29FB /* Release */,
			);
			defaultConfigurationIsVisible = 0;
			defaultConfigurationName = Release;
		};
		1894B37E2A22F10B008F29FB /* Build configuration list for PBXNativeTarget "ForeUCastUITests" */ = {
			isa = XCConfigurationList;
			buildConfigurations = (
				1894B37F2A22F10B008F29FB /* Debug */,
				1894B3802A22F10B008F29FB /* Release */,
			);
			defaultConfigurationIsVisible = 0;
			defaultConfigurationName = Release;
		};
/* End XCConfigurationList section */
	};
	rootObject = 1894B34C2A22F10A008F29FB /* Project object */;
}
